// !$*UTF8*$!
{
	archiveVersion = 1;
	classes = {
	};
	objectVersion = 77;
	objects = {

/* Begin PBXBuildFile section */
		28BFD2E52CE96C7900903EB4 /* FirebaseCore in Frameworks */ = {isa = PBXBuildFile; productRef = 28BFD2E42CE96C7900903EB4 /* FirebaseCore */; };
		28BFD2E82CE9727300903EB4 /* GoogleSignIn in Frameworks */ = {isa = PBXBuildFile; productRef = 28BFD2E72CE9727300903EB4 /* GoogleSignIn */; };
		28BFD2EA2CE9727C00903EB4 /* GoogleSignInSwift in Frameworks */ = {isa = PBXBuildFile; productRef = 28BFD2E92CE9727C00903EB4 /* GoogleSignInSwift */; };
		28BFD2EE2CE9795B00903EB4 /* FirebaseAuth in Frameworks */ = {isa = PBXBuildFile; productRef = 28BFD2ED2CE9795B00903EB4 /* FirebaseAuth */; };
/* End PBXBuildFile section */

/* Begin PBXContainerItemProxy section */
		28A127CD2CE87C5300B5F008 /* PBXContainerItemProxy */ = {
			isa = PBXContainerItemProxy;
			containerPortal = 28A127B42CE87C4F00B5F008 /* Project object */;
			proxyType = 1;
			remoteGlobalIDString = 28A127BB2CE87C4F00B5F008;
			remoteInfo = studyHanzi;
		};
		28A127D72CE87C5300B5F008 /* PBXContainerItemProxy */ = {
			isa = PBXContainerItemProxy;
			containerPortal = 28A127B42CE87C4F00B5F008 /* Project object */;
			proxyType = 1;
			remoteGlobalIDString = 28A127BB2CE87C4F00B5F008;
			remoteInfo = studyHanzi;
		};
/* End PBXContainerItemProxy section */

/* Begin PBXFileReference section */
		28A127BC2CE87C4F00B5F008 /* studyHanzi.app */ = {isa = PBXFileReference; explicitFileType = wrapper.application; includeInIndex = 0; path = studyHanzi.app; sourceTree = BUILT_PRODUCTS_DIR; };
		28A127CC2CE87C5300B5F008 /* studyHanziTests.xctest */ = {isa = PBXFileReference; explicitFileType = wrapper.cfbundle; includeInIndex = 0; path = studyHanziTests.xctest; sourceTree = BUILT_PRODUCTS_DIR; };
		28A127D62CE87C5300B5F008 /* studyHanziUITests.xctest */ = {isa = PBXFileReference; explicitFileType = wrapper.cfbundle; includeInIndex = 0; path = studyHanziUITests.xctest; sourceTree = BUILT_PRODUCTS_DIR; };
/* End PBXFileReference section */

/* Begin PBXFileSystemSynchronizedBuildFileExceptionSet section */
		28BFD2EC2CE9736800903EB4 /* Exceptions for "studyHanzi" folder in "studyHanzi" target */ = {
			isa = PBXFileSystemSynchronizedBuildFileExceptionSet;
			membershipExceptions = (
				Info.plist,
			);
			target = 28A127BB2CE87C4F00B5F008 /* studyHanzi */;
		};
/* End PBXFileSystemSynchronizedBuildFileExceptionSet section */

/* Begin PBXFileSystemSynchronizedRootGroup section */
		28A127BE2CE87C4F00B5F008 /* studyHanzi */ = {
			isa = PBXFileSystemSynchronizedRootGroup;
			exceptions = (
				28BFD2EC2CE9736800903EB4 /* Exceptions for "studyHanzi" folder in "studyHanzi" target */,
			);
			path = studyHanzi;
			sourceTree = "<group>";
		};
		28A127CF2CE87C5300B5F008 /* studyHanziTests */ = {
			isa = PBXFileSystemSynchronizedRootGroup;
			path = studyHanziTests;
			sourceTree = "<group>";
		};
		28A127D92CE87C5300B5F008 /* studyHanziUITests */ = {
			isa = PBXFileSystemSynchronizedRootGroup;
			path = studyHanziUITests;
			sourceTree = "<group>";
		};
/* End PBXFileSystemSynchronizedRootGroup section */

/* Begin PBXFrameworksBuildPhase section */
		28A127B92CE87C4F00B5F008 /* Frameworks */ = {
			isa = PBXFrameworksBuildPhase;
			buildActionMask = 2147483647;
			files = (
				28BFD2EA2CE9727C00903EB4 /* GoogleSignInSwift in Frameworks */,
				28BFD2E52CE96C7900903EB4 /* FirebaseCore in Frameworks */,
				28BFD2E82CE9727300903EB4 /* GoogleSignIn in Frameworks */,
				28BFD2EE2CE9795B00903EB4 /* FirebaseAuth in Frameworks */,
			);
			runOnlyForDeploymentPostprocessing = 0;
		};
		28A127C92CE87C5300B5F008 /* Frameworks */ = {
			isa = PBXFrameworksBuildPhase;
			buildActionMask = 2147483647;
			files = (
			);
			runOnlyForDeploymentPostprocessing = 0;
		};
		28A127D32CE87C5300B5F008 /* Frameworks */ = {
			isa = PBXFrameworksBuildPhase;
			buildActionMask = 2147483647;
			files = (
			);
			runOnlyForDeploymentPostprocessing = 0;
		};
/* End PBXFrameworksBuildPhase section */

/* Begin PBXGroup section */
		28A127B32CE87C4F00B5F008 = {
			isa = PBXGroup;
			children = (
				28A127BE2CE87C4F00B5F008 /* studyHanzi */,
				28A127CF2CE87C5300B5F008 /* studyHanziTests */,
				28A127D92CE87C5300B5F008 /* studyHanziUITests */,
				28A127ED2CE8A85000B5F008 /* Frameworks */,
				28A127BD2CE87C4F00B5F008 /* Products */,
			);
			sourceTree = "<group>";
		};
		28A127BD2CE87C4F00B5F008 /* Products */ = {
			isa = PBXGroup;
			children = (
				28A127BC2CE87C4F00B5F008 /* studyHanzi.app */,
				28A127CC2CE87C5300B5F008 /* studyHanziTests.xctest */,
				28A127D62CE87C5300B5F008 /* studyHanziUITests.xctest */,
			);
			name = Products;
			sourceTree = "<group>";
		};
		28A127ED2CE8A85000B5F008 /* Frameworks */ = {
			isa = PBXGroup;
			children = (
			);
			name = Frameworks;
			sourceTree = "<group>";
		};
/* End PBXGroup section */

/* Begin PBXNativeTarget section */
		28A127BB2CE87C4F00B5F008 /* studyHanzi */ = {
			isa = PBXNativeTarget;
			buildConfigurationList = 28A127E02CE87C5300B5F008 /* Build configuration list for PBXNativeTarget "studyHanzi" */;
			buildPhases = (
				28A127B82CE87C4F00B5F008 /* Sources */,
				28A127B92CE87C4F00B5F008 /* Frameworks */,
				28A127BA2CE87C4F00B5F008 /* Resources */,
			);
			buildRules = (
			);
			dependencies = (
			);
			fileSystemSynchronizedGroups = (
				28A127BE2CE87C4F00B5F008 /* studyHanzi */,
			);
			name = studyHanzi;
			packageProductDependencies = (
				28BFD2E42CE96C7900903EB4 /* FirebaseCore */,
				28BFD2E72CE9727300903EB4 /* GoogleSignIn */,
				28BFD2E92CE9727C00903EB4 /* GoogleSignInSwift */,
				28BFD2ED2CE9795B00903EB4 /* FirebaseAuth */,
			);
			productName = studyHanzi;
			productReference = 28A127BC2CE87C4F00B5F008 /* studyHanzi.app */;
			productType = "com.apple.product-type.application";
		};
		28A127CB2CE87C5300B5F008 /* studyHanziTests */ = {
			isa = PBXNativeTarget;
			buildConfigurationList = 28A127E32CE87C5300B5F008 /* Build configuration list for PBXNativeTarget "studyHanziTests" */;
			buildPhases = (
				28A127C82CE87C5300B5F008 /* Sources */,
				28A127C92CE87C5300B5F008 /* Frameworks */,
				28A127CA2CE87C5300B5F008 /* Resources */,
			);
			buildRules = (
			);
			dependencies = (
				28A127CE2CE87C5300B5F008 /* PBXTargetDependency */,
			);
			fileSystemSynchronizedGroups = (
				28A127CF2CE87C5300B5F008 /* studyHanziTests */,
			);
			name = studyHanziTests;
			packageProductDependencies = (
			);
			productName = studyHanziTests;
			productReference = 28A127CC2CE87C5300B5F008 /* studyHanziTests.xctest */;
			productType = "com.apple.product-type.bundle.unit-test";
		};
		28A127D52CE87C5300B5F008 /* studyHanziUITests */ = {
			isa = PBXNativeTarget;
			buildConfigurationList = 28A127E62CE87C5300B5F008 /* Build configuration list for PBXNativeTarget "studyHanziUITests" */;
			buildPhases = (
				28A127D22CE87C5300B5F008 /* Sources */,
				28A127D32CE87C5300B5F008 /* Frameworks */,
				28A127D42CE87C5300B5F008 /* Resources */,
			);
			buildRules = (
			);
			dependencies = (
				28A127D82CE87C5300B5F008 /* PBXTargetDependency */,
			);
			fileSystemSynchronizedGroups = (
				28A127D92CE87C5300B5F008 /* studyHanziUITests */,
			);
			name = studyHanziUITests;
			packageProductDependencies = (
			);
			productName = studyHanziUITests;
			productReference = 28A127D62CE87C5300B5F008 /* studyHanziUITests.xctest */;
			productType = "com.apple.product-type.bundle.ui-testing";
		};
/* End PBXNativeTarget section */

/* Begin PBXProject section */
		28A127B42CE87C4F00B5F008 /* Project object */ = {
			isa = PBXProject;
			attributes = {
				BuildIndependentTargetsInParallel = 1;
				LastSwiftUpdateCheck = 1610;
				LastUpgradeCheck = 1610;
				TargetAttributes = {
					28A127BB2CE87C4F00B5F008 = {
						CreatedOnToolsVersion = 16.1;
					};
					28A127CB2CE87C5300B5F008 = {
						CreatedOnToolsVersion = 16.1;
						TestTargetID = 28A127BB2CE87C4F00B5F008;
					};
					28A127D52CE87C5300B5F008 = {
						CreatedOnToolsVersion = 16.1;
						TestTargetID = 28A127BB2CE87C4F00B5F008;
					};
				};
			};
			buildConfigurationList = 28A127B72CE87C4F00B5F008 /* Build configuration list for PBXProject "studyHanzi" */;
			developmentRegion = en;
			hasScannedForEncodings = 0;
			knownRegions = (
				en,
				Base,
			);
			mainGroup = 28A127B32CE87C4F00B5F008;
			minimizedProjectReferenceProxies = 1;
			packageReferences = (
				28A127EC2CE8A60600B5F008 /* XCRemoteSwiftPackageReference "firebase-ios-sdk" */,
				28BFD2E62CE9725200903EB4 /* XCRemoteSwiftPackageReference "GoogleSignIn-iOS" */,
			);
			preferredProjectObjectVersion = 77;
			productRefGroup = 28A127BD2CE87C4F00B5F008 /* Products */;
			projectDirPath = "";
			projectRoot = "";
			targets = (
				28A127BB2CE87C4F00B5F008 /* studyHanzi */,
				28A127CB2CE87C5300B5F008 /* studyHanziTests */,
				28A127D52CE87C5300B5F008 /* studyHanziUITests */,
			);
		};
/* End PBXProject section */

/* Begin PBXResourcesBuildPhase section */
		28A127BA2CE87C4F00B5F008 /* Resources */ = {
			isa = PBXResourcesBuildPhase;
			buildActionMask = 2147483647;
			files = (
			);
			runOnlyForDeploymentPostprocessing = 0;
		};
		28A127CA2CE87C5300B5F008 /* Resources */ = {
			isa = PBXResourcesBuildPhase;
			buildActionMask = 2147483647;
			files = (
			);
			runOnlyForDeploymentPostprocessing = 0;
		};
		28A127D42CE87C5300B5F008 /* Resources */ = {
			isa = PBXResourcesBuildPhase;
			buildActionMask = 2147483647;
			files = (
			);
			runOnlyForDeploymentPostprocessing = 0;
		};
/* End PBXResourcesBuildPhase section */

/* Begin PBXSourcesBuildPhase section */
		28A127B82CE87C4F00B5F008 /* Sources */ = {
			isa = PBXSourcesBuildPhase;
			buildActionMask = 2147483647;
			files = (
			);
			runOnlyForDeploymentPostprocessing = 0;
		};
		28A127C82CE87C5300B5F008 /* Sources */ = {
			isa = PBXSourcesBuildPhase;
			buildActionMask = 2147483647;
			files = (
			);
			runOnlyForDeploymentPostprocessing = 0;
		};
		28A127D22CE87C5300B5F008 /* Sources */ = {
			isa = PBXSourcesBuildPhase;
			buildActionMask = 2147483647;
			files = (
			);
			runOnlyForDeploymentPostprocessing = 0;
		};
/* End PBXSourcesBuildPhase section */

/* Begin PBXTargetDependency section */
		28A127CE2CE87C5300B5F008 /* PBXTargetDependency */ = {
			isa = PBXTargetDependency;
			target = 28A127BB2CE87C4F00B5F008 /* studyHanzi */;
			targetProxy = 28A127CD2CE87C5300B5F008 /* PBXContainerItemProxy */;
		};
		28A127D82CE87C5300B5F008 /* PBXTargetDependency */ = {
			isa = PBXTargetDependency;
			target = 28A127BB2CE87C4F00B5F008 /* studyHanzi */;
			targetProxy = 28A127D72CE87C5300B5F008 /* PBXContainerItemProxy */;
		};
/* End PBXTargetDependency section */

/* Begin XCBuildConfiguration section */
		28A127DE2CE87C5300B5F008 /* Debug */ = {
			isa = XCBuildConfiguration;
			buildSettings = {
				ALWAYS_SEARCH_USER_PATHS = NO;
				ASSETCATALOG_COMPILER_GENERATE_SWIFT_ASSET_SYMBOL_EXTENSIONS = YES;
				CLANG_ANALYZER_NONNULL = YES;
				CLANG_ANALYZER_NUMBER_OBJECT_CONVERSION = YES_AGGRESSIVE;
				CLANG_CXX_LANGUAGE_STANDARD = "gnu++20";
				CLANG_ENABLE_MODULES = YES;
				CLANG_ENABLE_OBJC_ARC = YES;
				CLANG_ENABLE_OBJC_WEAK = YES;
				CLANG_WARN_BLOCK_CAPTURE_AUTORELEASING = YES;
				CLANG_WARN_BOOL_CONVERSION = YES;
				CLANG_WARN_COMMA = YES;
				CLANG_WARN_CONSTANT_CONVERSION = YES;
				CLANG_WARN_DEPRECATED_OBJC_IMPLEMENTATIONS = YES;
				CLANG_WARN_DIRECT_OBJC_ISA_USAGE = YES_ERROR;
				CLANG_WARN_DOCUMENTATION_COMMENTS = YES;
				CLANG_WARN_EMPTY_BODY = YES;
				CLANG_WARN_ENUM_CONVERSION = YES;
				CLANG_WARN_INFINITE_RECURSION = YES;
				CLANG_WARN_INT_CONVERSION = YES;
				CLANG_WARN_NON_LITERAL_NULL_CONVERSION = YES;
				CLANG_WARN_OBJC_IMPLICIT_RETAIN_SELF = YES;
				CLANG_WARN_OBJC_LITERAL_CONVERSION = YES;
				CLANG_WARN_OBJC_ROOT_CLASS = YES_ERROR;
				CLANG_WARN_QUOTED_INCLUDE_IN_FRAMEWORK_HEADER = YES;
				CLANG_WARN_RANGE_LOOP_ANALYSIS = YES;
				CLANG_WARN_STRICT_PROTOTYPES = YES;
				CLANG_WARN_SUSPICIOUS_MOVE = YES;
				CLANG_WARN_UNGUARDED_AVAILABILITY = YES_AGGRESSIVE;
				CLANG_WARN_UNREACHABLE_CODE = YES;
				CLANG_WARN__DUPLICATE_METHOD_MATCH = YES;
				COPY_PHASE_STRIP = NO;
				DEBUG_INFORMATION_FORMAT = dwarf;
				ENABLE_STRICT_OBJC_MSGSEND = YES;
				ENABLE_TESTABILITY = YES;
				ENABLE_USER_SCRIPT_SANDBOXING = YES;
				GCC_C_LANGUAGE_STANDARD = gnu17;
				GCC_DYNAMIC_NO_PIC = NO;
				GCC_NO_COMMON_BLOCKS = YES;
				GCC_OPTIMIZATION_LEVEL = 0;
				GCC_PREPROCESSOR_DEFINITIONS = (
					"DEBUG=1",
					"$(inherited)",
				);
				GCC_WARN_64_TO_32_BIT_CONVERSION = YES;
				GCC_WARN_ABOUT_RETURN_TYPE = YES_ERROR;
				GCC_WARN_UNDECLARED_SELECTOR = YES;
				GCC_WARN_UNINITIALIZED_AUTOS = YES_AGGRESSIVE;
				GCC_WARN_UNUSED_FUNCTION = YES;
				GCC_WARN_UNUSED_VARIABLE = YES;
				IPHONEOS_DEPLOYMENT_TARGET = 18.1;
				LOCALIZATION_PREFERS_STRING_CATALOGS = YES;
				MTL_ENABLE_DEBUG_INFO = INCLUDE_SOURCE;
				MTL_FAST_MATH = YES;
				ONLY_ACTIVE_ARCH = YES;
				SDKROOT = iphoneos;
				SWIFT_ACTIVE_COMPILATION_CONDITIONS = "DEBUG $(inherited)";
				SWIFT_OPTIMIZATION_LEVEL = "-Onone";
			};
			name = Debug;
		};
		28A127DF2CE87C5300B5F008 /* Release */ = {
			isa = XCBuildConfiguration;
			buildSettings = {
				ALWAYS_SEARCH_USER_PATHS = NO;
				ASSETCATALOG_COMPILER_GENERATE_SWIFT_ASSET_SYMBOL_EXTENSIONS = YES;
				CLANG_ANALYZER_NONNULL = YES;
				CLANG_ANALYZER_NUMBER_OBJECT_CONVERSION = YES_AGGRESSIVE;
				CLANG_CXX_LANGUAGE_STANDARD = "gnu++20";
				CLANG_ENABLE_MODULES = YES;
				CLANG_ENABLE_OBJC_ARC = YES;
				CLANG_ENABLE_OBJC_WEAK = YES;
				CLANG_WARN_BLOCK_CAPTURE_AUTORELEASING = YES;
				CLANG_WARN_BOOL_CONVERSION = YES;
				CLANG_WARN_COMMA = YES;
				CLANG_WARN_CONSTANT_CONVERSION = YES;
				CLANG_WARN_DEPRECATED_OBJC_IMPLEMENTATIONS = YES;
				CLANG_WARN_DIRECT_OBJC_ISA_USAGE = YES_ERROR;
				CLANG_WARN_DOCUMENTATION_COMMENTS = YES;
				CLANG_WARN_EMPTY_BODY = YES;
				CLANG_WARN_ENUM_CONVERSION = YES;
				CLANG_WARN_INFINITE_RECURSION = YES;
				CLANG_WARN_INT_CONVERSION = YES;
				CLANG_WARN_NON_LITERAL_NULL_CONVERSION = YES;
				CLANG_WARN_OBJC_IMPLICIT_RETAIN_SELF = YES;
				CLANG_WARN_OBJC_LITERAL_CONVERSION = YES;
				CLANG_WARN_OBJC_ROOT_CLASS = YES_ERROR;
				CLANG_WARN_QUOTED_INCLUDE_IN_FRAMEWORK_HEADER = YES;
				CLANG_WARN_RANGE_LOOP_ANALYSIS = YES;
				CLANG_WARN_STRICT_PROTOTYPES = YES;
				CLANG_WARN_SUSPICIOUS_MOVE = YES;
				CLANG_WARN_UNGUARDED_AVAILABILITY = YES_AGGRESSIVE;
				CLANG_WARN_UNREACHABLE_CODE = YES;
				CLANG_WARN__DUPLICATE_METHOD_MATCH = YES;
				COPY_PHASE_STRIP = NO;
				DEBUG_INFORMATION_FORMAT = "dwarf-with-dsym";
				ENABLE_NS_ASSERTIONS = NO;
				ENABLE_STRICT_OBJC_MSGSEND = YES;
				ENABLE_USER_SCRIPT_SANDBOXING = YES;
				GCC_C_LANGUAGE_STANDARD = gnu17;
				GCC_NO_COMMON_BLOCKS = YES;
				GCC_WARN_64_TO_32_BIT_CONVERSION = YES;
				GCC_WARN_ABOUT_RETURN_TYPE = YES_ERROR;
				GCC_WARN_UNDECLARED_SELECTOR = YES;
				GCC_WARN_UNINITIALIZED_AUTOS = YES_AGGRESSIVE;
				GCC_WARN_UNUSED_FUNCTION = YES;
				GCC_WARN_UNUSED_VARIABLE = YES;
				IPHONEOS_DEPLOYMENT_TARGET = 18.1;
				LOCALIZATION_PREFERS_STRING_CATALOGS = YES;
				MTL_ENABLE_DEBUG_INFO = NO;
				MTL_FAST_MATH = YES;
				SDKROOT = iphoneos;
				SWIFT_COMPILATION_MODE = wholemodule;
				VALIDATE_PRODUCT = YES;
			};
			name = Release;
		};
		28A127E12CE87C5300B5F008 /* Debug */ = {
			isa = XCBuildConfiguration;
			buildSettings = {
				ASSETCATALOG_COMPILER_APPICON_NAME = AppIcon;
				ASSETCATALOG_COMPILER_GLOBAL_ACCENT_COLOR_NAME = AccentColor;
				CODE_SIGN_STYLE = Automatic;
				CURRENT_PROJECT_VERSION = 1;
				DEVELOPMENT_ASSET_PATHS = "\"studyHanzi/Preview Content\"";
				DEVELOPMENT_TEAM = 883RH683M8;
				ENABLE_PREVIEWS = YES;
				GENERATE_INFOPLIST_FILE = YES;
				INFOPLIST_FILE = studyHanzi/Info.plist;
				INFOPLIST_KEY_NSCameraUsageDescription = "This app requires access to the camera to take a picture for the profile or scan a QR code when you need it.\n\nThis app requires access to the camera to take a picture for the profile or scan a QR code when you need it.\n\nThis app requires access to the camera to take a picture for the profile or scan a QR code when you need it.\n\nThis app requires access to the camera to take a picture for the profile or scan a QR code when you need it.\n\n\nThis app requires access to the camera.\n\nThis app requires access to the camera.\n\nThis app requires access to the camera.\n\n";
				INFOPLIST_KEY_NSMicrophoneUsageDescription = "Audio is recorded to transcribe the meeting. Audio recordings are discarded after transcription.";
				INFOPLIST_KEY_NSPhotoLibraryAddUsageDescription = "This app requires access to the photo library.";
				INFOPLIST_KEY_NSPhotoLibraryUsageDescription = "This app requires access to the photo library.";
				INFOPLIST_KEY_NSSpeechRecognitionUsageDescription = "You can view a text transcription of your meeting in the app.";
				INFOPLIST_KEY_UIApplicationSceneManifest_Generation = YES;
				INFOPLIST_KEY_UIApplicationSupportsIndirectInputEvents = YES;
				INFOPLIST_KEY_UILaunchScreen_Generation = YES;
				INFOPLIST_KEY_UISupportedInterfaceOrientations_iPad = "UIInterfaceOrientationPortrait UIInterfaceOrientationPortraitUpsideDown UIInterfaceOrientationLandscapeLeft UIInterfaceOrientationLandscapeRight";
				INFOPLIST_KEY_UISupportedInterfaceOrientations_iPhone = "UIInterfaceOrientationPortrait UIInterfaceOrientationLandscapeLeft UIInterfaceOrientationLandscapeRight";
				LD_RUNPATH_SEARCH_PATHS = (
					"$(inherited)",
					"@executable_path/Frameworks",
				);
				MARKETING_VERSION = 1.0;
				PRODUCT_BUNDLE_IDENTIFIER = com.nxhong.studyHanzi;
				PRODUCT_NAME = "$(TARGET_NAME)";
				SWIFT_EMIT_LOC_STRINGS = YES;
				SWIFT_VERSION = 5.0;
				TARGETED_DEVICE_FAMILY = "1,2";
			};
			name = Debug;
		};
		28A127E22CE87C5300B5F008 /* Release */ = {
			isa = XCBuildConfiguration;
			buildSettings = {
				ASSETCATALOG_COMPILER_APPICON_NAME = AppIcon;
				ASSETCATALOG_COMPILER_GLOBAL_ACCENT_COLOR_NAME = AccentColor;
				CODE_SIGN_STYLE = Automatic;
				CURRENT_PROJECT_VERSION = 1;
				DEVELOPMENT_ASSET_PATHS = "\"studyHanzi/Preview Content\"";
				DEVELOPMENT_TEAM = 883RH683M8;
				ENABLE_PREVIEWS = YES;
				GENERATE_INFOPLIST_FILE = YES;
				INFOPLIST_FILE = studyHanzi/Info.plist;
				INFOPLIST_KEY_NSCameraUsageDescription = "This app requires access to the camera to take a picture for the profile or scan a QR code when you need it.\n\nThis app requires access to the camera to take a picture for the profile or scan a QR code when you need it.\n\nThis app requires access to the camera to take a picture for the profile or scan a QR code when you need it.\n\nThis app requires access to the camera to take a picture for the profile or scan a QR code when you need it.\n\n\nThis app requires access to the camera.\n\nThis app requires access to the camera.\n\nThis app requires access to the camera.\n\n";
				INFOPLIST_KEY_NSMicrophoneUsageDescription = "Audio is recorded to transcribe the meeting. Audio recordings are discarded after transcription.";
				INFOPLIST_KEY_NSPhotoLibraryAddUsageDescription = "This app requires access to the photo library.";
				INFOPLIST_KEY_NSPhotoLibraryUsageDescription = "This app requires access to the photo library.";
				INFOPLIST_KEY_NSSpeechRecognitionUsageDescription = "You can view a text transcription of your meeting in the app.";
				INFOPLIST_KEY_UIApplicationSceneManifest_Generation = YES;
				INFOPLIST_KEY_UIApplicationSupportsIndirectInputEvents = YES;
				INFOPLIST_KEY_UILaunchScreen_Generation = YES;
				INFOPLIST_KEY_UISupportedInterfaceOrientations_iPad = "UIInterfaceOrientationPortrait UIInterfaceOrientationPortraitUpsideDown UIInterfaceOrientationLandscapeLeft UIInterfaceOrientationLandscapeRight";
				INFOPLIST_KEY_UISupportedInterfaceOrientations_iPhone = "UIInterfaceOrientationPortrait UIInterfaceOrientationLandscapeLeft UIInterfaceOrientationLandscapeRight";
				LD_RUNPATH_SEARCH_PATHS = (
					"$(inherited)",
					"@executable_path/Frameworks",
				);
				MARKETING_VERSION = 1.0;
				PRODUCT_BUNDLE_IDENTIFIER = com.nxhong.studyHanzi;
				PRODUCT_NAME = "$(TARGET_NAME)";
				SWIFT_EMIT_LOC_STRINGS = YES;
				SWIFT_VERSION = 5.0;
				TARGETED_DEVICE_FAMILY = "1,2";
			};
			name = Release;
		};
		28A127E42CE87C5300B5F008 /* Debug */ = {
			isa = XCBuildConfiguration;
			buildSettings = {
				BUNDLE_LOADER = "$(TEST_HOST)";
				CODE_SIGN_STYLE = Automatic;
				CURRENT_PROJECT_VERSION = 1;
				DEVELOPMENT_TEAM = 883RH683M8;
				GENERATE_INFOPLIST_FILE = YES;
				IPHONEOS_DEPLOYMENT_TARGET = 18.1;
				MARKETING_VERSION = 1.0;
				PRODUCT_BUNDLE_IDENTIFIER = com.nxhong.studyHanziTests;
				PRODUCT_NAME = "$(TARGET_NAME)";
				SWIFT_EMIT_LOC_STRINGS = NO;
				SWIFT_VERSION = 5.0;
				TARGETED_DEVICE_FAMILY = "1,2";
				TEST_HOST = "$(BUILT_PRODUCTS_DIR)/studyHanzi.app/$(BUNDLE_EXECUTABLE_FOLDER_PATH)/studyHanzi";
			};
			name = Debug;
		};
		28A127E52CE87C5300B5F008 /* Release */ = {
			isa = XCBuildConfiguration;
			buildSettings = {
				BUNDLE_LOADER = "$(TEST_HOST)";
				CODE_SIGN_STYLE = Automatic;
				CURRENT_PROJECT_VERSION = 1;
				DEVELOPMENT_TEAM = 883RH683M8;
				GENERATE_INFOPLIST_FILE = YES;
				IPHONEOS_DEPLOYMENT_TARGET = 18.1;
				MARKETING_VERSION = 1.0;
				PRODUCT_BUNDLE_IDENTIFIER = com.nxhong.studyHanziTests;
				PRODUCT_NAME = "$(TARGET_NAME)";
				SWIFT_EMIT_LOC_STRINGS = NO;
				SWIFT_VERSION = 5.0;
				TARGETED_DEVICE_FAMILY = "1,2";
				TEST_HOST = "$(BUILT_PRODUCTS_DIR)/studyHanzi.app/$(BUNDLE_EXECUTABLE_FOLDER_PATH)/studyHanzi";
			};
			name = Release;
		};
		28A127E72CE87C5300B5F008 /* Debug */ = {
			isa = XCBuildConfiguration;
			buildSettings = {
				CODE_SIGN_STYLE = Automatic;
				CURRENT_PROJECT_VERSION = 1;
				DEVELOPMENT_TEAM = 883RH683M8;
				GENERATE_INFOPLIST_FILE = YES;
				MARKETING_VERSION = 1.0;
				PRODUCT_BUNDLE_IDENTIFIER = com.nxhong.studyHanziUITests;
				PRODUCT_NAME = "$(TARGET_NAME)";
				SWIFT_EMIT_LOC_STRINGS = NO;
				SWIFT_VERSION = 5.0;
				TARGETED_DEVICE_FAMILY = "1,2";
				TEST_TARGET_NAME = studyHanzi;
			};
			name = Debug;
		};
		28A127E82CE87C5300B5F008 /* Release */ = {
			isa = XCBuildConfiguration;
			buildSettings = {
				CODE_SIGN_STYLE = Automatic;
				CURRENT_PROJECT_VERSION = 1;
				DEVELOPMENT_TEAM = 883RH683M8;
				GENERATE_INFOPLIST_FILE = YES;
				MARKETING_VERSION = 1.0;
				PRODUCT_BUNDLE_IDENTIFIER = com.nxhong.studyHanziUITests;
				PRODUCT_NAME = "$(TARGET_NAME)";
				SWIFT_EMIT_LOC_STRINGS = NO;
				SWIFT_VERSION = 5.0;
				TARGETED_DEVICE_FAMILY = "1,2";
				TEST_TARGET_NAME = studyHanzi;
			};
			name = Release;
		};
/* End XCBuildConfiguration section */

/* Begin XCConfigurationList section */
		28A127B72CE87C4F00B5F008 /* Build configuration list for PBXProject "studyHanzi" */ = {
			isa = XCConfigurationList;
			buildConfigurations = (
				28A127DE2CE87C5300B5F008 /* Debug */,
				28A127DF2CE87C5300B5F008 /* Release */,
			);
			defaultConfigurationIsVisible = 0;
			defaultConfigurationName = Release;
		};
		28A127E02CE87C5300B5F008 /* Build configuration list for PBXNativeTarget "studyHanzi" */ = {
			isa = XCConfigurationList;
			buildConfigurations = (
				28A127E12CE87C5300B5F008 /* Debug */,
				28A127E22CE87C5300B5F008 /* Release */,
			);
			defaultConfigurationIsVisible = 0;
			defaultConfigurationName = Release;
		};
		28A127E32CE87C5300B5F008 /* Build configuration list for PBXNativeTarget "studyHanziTests" */ = {
			isa = XCConfigurationList;
			buildConfigurations = (
				28A127E42CE87C5300B5F008 /* Debug */,
				28A127E52CE87C5300B5F008 /* Release */,
			);
			defaultConfigurationIsVisible = 0;
			defaultConfigurationName = Release;
		};
		28A127E62CE87C5300B5F008 /* Build configuration list for PBXNativeTarget "studyHanziUITests" */ = {
			isa = XCConfigurationList;
			buildConfigurations = (
				28A127E72CE87C5300B5F008 /* Debug */,
				28A127E82CE87C5300B5F008 /* Release */,
			);
			defaultConfigurationIsVisible = 0;
			defaultConfigurationName = Release;
		};
/* End XCConfigurationList section */

/* Begin XCRemoteSwiftPackageReference section */
		28A127EC2CE8A60600B5F008 /* XCRemoteSwiftPackageReference "firebase-ios-sdk" */ = {
			isa = XCRemoteSwiftPackageReference;
			repositoryURL = "https://github.com/firebase/firebase-ios-sdk";
			requirement = {
				kind = upToNextMajorVersion;
				minimumVersion = 11.5.0;
			};
		};
		28BFD2E62CE9725200903EB4 /* XCRemoteSwiftPackageReference "GoogleSignIn-iOS" */ = {
			isa = XCRemoteSwiftPackageReference;
			repositoryURL = "https://github.com/google/GoogleSignIn-iOS.git";
			requirement = {
				kind = upToNextMajorVersion;
				minimumVersion = 8.0.0;
			};
		};
/* End XCRemoteSwiftPackageReference section */

/* Begin XCSwiftPackageProductDependency section */
		28BFD2E42CE96C7900903EB4 /* FirebaseCore */ = {
			isa = XCSwiftPackageProductDependency;
			package = 28A127EC2CE8A60600B5F008 /* XCRemoteSwiftPackageReference "firebase-ios-sdk" */;
			productName = FirebaseCore;
		};
		28BFD2E72CE9727300903EB4 /* GoogleSignIn */ = {
			isa = XCSwiftPackageProductDependency;
			package = 28BFD2E62CE9725200903EB4 /* XCRemoteSwiftPackageReference "GoogleSignIn-iOS" */;
			productName = GoogleSignIn;
		};
		28BFD2E92CE9727C00903EB4 /* GoogleSignInSwift */ = {
			isa = XCSwiftPackageProductDependency;
			package = 28BFD2E62CE9725200903EB4 /* XCRemoteSwiftPackageReference "GoogleSignIn-iOS" */;
			productName = GoogleSignInSwift;
		};
		28BFD2ED2CE9795B00903EB4 /* FirebaseAuth */ = {
			isa = XCSwiftPackageProductDependency;
			package = 28A127EC2CE8A60600B5F008 /* XCRemoteSwiftPackageReference "firebase-ios-sdk" */;
			productName = FirebaseAuth;
		};
/* End XCSwiftPackageProductDependency section */
	};
	rootObject = 28A127B42CE87C4F00B5F008 /* Project object */;
}
